
Microsoft Visual Studio Solution File, Format Version 12.00
# Visual Studio Version 17
VisualStudioVersion = 17.0.31903.59
MinimumVisualStudioVersion = 10.0.40219.1
Project("{FAE04EC0-301F-11D3-BF4B-00C04F79EFBC}") = "Todo.Domain", "Todo.Domain\Todo.Domain.csproj", "{8F48F3EE-74BA-4B44-83AE-C70E90EF36A2}"
EndProject
Project("{FAE04EC0-301F-11D3-BF4B-00C04F79EFBC}") = "Todo.Domain.Api", "Todo.Domain.Api\Todo.Domain.Api.csproj", "{411545C3-241C-4443-9514-7E300D2D3712}"
EndProject
Project("{FAE04EC0-301F-11D3-BF4B-00C04F79EFBC}") = "Todo.Domain.Infra", "Todo.Domain.Infra\Todo.Domain.Infra.csproj", "{E5E4322E-AA16-491C-A83A-C5136F68F07F}"
EndProject
Project("{FAE04EC0-301F-11D3-BF4B-00C04F79EFBC}") = "Todo.Domain.Tests", "Todo.Domain.Tests\Todo.Domain.Tests.csproj", "{7FF5749E-D906-4A4C-8A6C-DD76C4C794B1}"
EndProject
Global
	GlobalSection(SolutionConfigurationPlatforms) = preSolution
		Debug|Any CPU = Debug|Any CPU
		Release|Any CPU = Release|Any CPU
	EndGlobalSection
	GlobalSection(SolutionProperties) = preSolution
		HideSolutionNode = FALSE
	EndGlobalSection
	GlobalSection(ProjectConfigurationPlatforms) = postSolution
		{8F48F3EE-74BA-4B44-83AE-C70E90EF36A2}.Debug|Any CPU.ActiveCfg = Debug|Any CPU
		{8F48F3EE-74BA-4B44-83AE-C70E90EF36A2}.Debug|Any CPU.Build.0 = Debug|Any CPU
		{8F48F3EE-74BA-4B44-83AE-C70E90EF36A2}.Release|Any CPU.ActiveCfg = Release|Any CPU
		{8F48F3EE-74BA-4B44-83AE-C70E90EF36A2}.Release|Any CPU.Build.0 = Release|Any CPU
		{411545C3-241C-4443-9514-7E300D2D3712}.Debug|Any CPU.ActiveCfg = Debug|Any CPU
		{411545C3-241C-4443-9514-7E300D2D3712}.Debug|Any CPU.Build.0 = Debug|Any CPU
		{411545C3-241C-4443-9514-7E300D2D3712}.Release|Any CPU.ActiveCfg = Release|Any CPU
		{411545C3-241C-4443-9514-7E300D2D3712}.Release|Any CPU.Build.0 = Release|Any CPU
		{E5E4322E-AA16-491C-A83A-C5136F68F07F}.Debug|Any CPU.ActiveCfg = Debug|Any CPU
		{E5E4322E-AA16-491C-A83A-C5136F68F07F}.Debug|Any CPU.Build.0 = Debug|Any CPU
		{E5E4322E-AA16-491C-A83A-C5136F68F07F}.Release|Any CPU.ActiveCfg = Release|Any CPU
		{E5E4322E-AA16-491C-A83A-C5136F68F07F}.Release|Any CPU.Build.0 = Release|Any CPU
		{7FF5749E-D906-4A4C-8A6C-DD76C4C794B1}.Debug|Any CPU.ActiveCfg = Debug|Any CPU
		{7FF5749E-D906-4A4C-8A6C-DD76C4C794B1}.Debug|Any CPU.Build.0 = Debug|Any CPU
		{7FF5749E-D906-4A4C-8A6C-DD76C4C794B1}.Release|Any CPU.ActiveCfg = Release|Any CPU
		{7FF5749E-D906-4A4C-8A6C-DD76C4C794B1}.Release|Any CPU.Build.0 = Release|Any CPU
	EndGlobalSection
EndGlobal
